
Microsoft Visual Studio Solution File, Format Version 12.00
# Visual Studio Version 17
VisualStudioVersion = 17.1.32319.34
MinimumVisualStudioVersion = 10.0.40219.1
Project("{FAE04EC0-301F-11D3-BF4B-00C04F79EFBC}") = "dotnet-codedeploy-demo", "dotnet-codedeploy-demo\dotnet-codedeploy-demo.csproj", "{4116BB52-9245-4DFC-A859-0EAE50BCE754}"
EndProject
Global
	GlobalSection(SolutionConfigurationPlatforms) = preSolution
		Debug|Any CPU = Debug|Any CPU
		Release|Any CPU = Release|Any CPU
	EndGlobalSection
	GlobalSection(ProjectConfigurationPlatforms) = postSolution
		{4116BB52-9245-4DFC-A859-0EAE50BCE754}.Debug|Any CPU.ActiveCfg = Debug|Any CPU
		{4116BB52-9245-4DFC-A859-0EAE50BCE754}.Debug|Any CPU.Build.0 = Debug|Any CPU
		{4116BB52-9245-4DFC-A859-0EAE50BCE754}.Release|Any CPU.ActiveCfg = Release|Any CPU
		{4116BB52-9245-4DFC-A859-0EAE50BCE754}.Release|Any CPU.Build.0 = Release|Any CPU
	EndGlobalSection
	GlobalSection(SolutionProperties) = preSolution
		HideSolutionNode = FALSE
	EndGlobalSection
	GlobalSection(ExtensibilityGlobals) = postSolution
		SolutionGuid = {02B4218A-ECBA-4CEA-AA43-EB83D8EADE04}
	EndGlobalSection
EndGlobal
